
Microsoft Visual Studio Solution File, Format Version 12.00
# Visual Studio Version 16
VisualStudioVersion = 16.0.29424.173
MinimumVisualStudioVersion = 10.0.40219.1
Project("{FAE04EC0-301F-11D3-BF4B-00C04F79EFBC}") = "VXI11", "VXI11\VXI11.csproj", "{DA776D44-6495-4306-8E4D-B4B303D726E1}"
EndProject
Project("{FAE04EC0-301F-11D3-BF4B-00C04F79EFBC}") = "jportmap", "jportmap\jportmap.csproj", "{ABCAF5FE-3492-4DEB-8C12-50DF332BE375}"
EndProject
Project("{FAE04EC0-301F-11D3-BF4B-00C04F79EFBC}") = "RemoteTea.Net", "remoteteanet\RemoteTea.Net.csproj", "{9C016B59-DAD9-48A1-A5E0-7A477A108530}"
EndProject
Project("{FAE04EC0-301F-11D3-BF4B-00C04F79EFBC}") = "TestClient", "TestClient\TestClient.csproj", "{CCF53583-650A-48FE-B240-0D2BBCE161B1}"
EndProject
Project("{FAE04EC0-301F-11D3-BF4B-00C04F79EFBC}") = "TestServer", "TestServer\TestServer.csproj", "{DD9669A0-47F8-4C1A-A883-FA956C4B0454}"
EndProject
Global
	GlobalSection(SolutionConfigurationPlatforms) = preSolution
		Debug|Any CPU = Debug|Any CPU
		Release|Any CPU = Release|Any CPU
	EndGlobalSection
	GlobalSection(ProjectConfigurationPlatforms) = postSolution
		{DA776D44-6495-4306-8E4D-B4B303D726E1}.Debug|Any CPU.ActiveCfg = Debug|Any CPU
		{DA776D44-6495-4306-8E4D-B4B303D726E1}.Debug|Any CPU.Build.0 = Debug|Any CPU
		{DA776D44-6495-4306-8E4D-B4B303D726E1}.Release|Any CPU.ActiveCfg = Release|Any CPU
		{DA776D44-6495-4306-8E4D-B4B303D726E1}.Release|Any CPU.Build.0 = Release|Any CPU
		{ABCAF5FE-3492-4DEB-8C12-50DF332BE375}.Debug|Any CPU.ActiveCfg = Debug|Any CPU
		{ABCAF5FE-3492-4DEB-8C12-50DF332BE375}.Debug|Any CPU.Build.0 = Debug|Any CPU
		{ABCAF5FE-3492-4DEB-8C12-50DF332BE375}.Release|Any CPU.ActiveCfg = Release|Any CPU
		{ABCAF5FE-3492-4DEB-8C12-50DF332BE375}.Release|Any CPU.Build.0 = Release|Any CPU
		{9C016B59-DAD9-48A1-A5E0-7A477A108530}.Debug|Any CPU.ActiveCfg = Debug|Any CPU
		{9C016B59-DAD9-48A1-A5E0-7A477A108530}.Debug|Any CPU.Build.0 = Debug|Any CPU
		{9C016B59-DAD9-48A1-A5E0-7A477A108530}.Release|Any CPU.ActiveCfg = Release|Any CPU
		{9C016B59-DAD9-48A1-A5E0-7A477A108530}.Release|Any CPU.Build.0 = Release|Any CPU
		{CCF53583-650A-48FE-B240-0D2BBCE161B1}.Debug|Any CPU.ActiveCfg = Debug|Any CPU
		{CCF53583-650A-48FE-B240-0D2BBCE161B1}.Debug|Any CPU.Build.0 = Debug|Any CPU
		{CCF53583-650A-48FE-B240-0D2BBCE161B1}.Release|Any CPU.ActiveCfg = Release|Any CPU
		{CCF53583-650A-48FE-B240-0D2BBCE161B1}.Release|Any CPU.Build.0 = Release|Any CPU
		{DD9669A0-47F8-4C1A-A883-FA956C4B0454}.Debug|Any CPU.ActiveCfg = Debug|Any CPU
		{DD9669A0-47F8-4C1A-A883-FA956C4B0454}.Debug|Any CPU.Build.0 = Debug|Any CPU
		{DD9669A0-47F8-4C1A-A883-FA956C4B0454}.Release|Any CPU.ActiveCfg = Release|Any CPU
		{DD9669A0-47F8-4C1A-A883-FA956C4B0454}.Release|Any CPU.Build.0 = Release|Any CPU
	EndGlobalSection
	GlobalSection(SolutionProperties) = preSolution
		HideSolutionNode = FALSE
	EndGlobalSection
	GlobalSection(ExtensibilityGlobals) = postSolution
		SolutionGuid = {4013AF20-5EAE-4183-975A-65E090597782}
	EndGlobalSection
EndGlobal
